
Microsoft Visual Studio Solution File, Format Version 12.00
# Visual Studio Version 17
VisualStudioVersion = 17.8.34316.72
MinimumVisualStudioVersion = 10.0.40219.1
Project("{FAE04EC0-301F-11D3-BF4B-00C04F79EFBC}") = "EfCore", "EfCore.csproj", "{71357A63-0181-496F-BC2A-F847FF033CAC}"
EndProject
Global
	GlobalSection(SolutionConfigurationPlatforms) = preSolution
		Debug|Any CPU = Debug|Any CPU
		Release|Any CPU = Release|Any CPU
	EndGlobalSection
	GlobalSection(ProjectConfigurationPlatforms) = postSolution
		{71357A63-0181-496F-BC2A-F847FF033CAC}.Debug|Any CPU.ActiveCfg = Debug|Any CPU
		{71357A63-0181-496F-BC2A-F847FF033CAC}.Debug|Any CPU.Build.0 = Debug|Any CPU
		{71357A63-0181-496F-BC2A-F847FF033CAC}.Release|Any CPU.ActiveCfg = Release|Any CPU
		{71357A63-0181-496F-BC2A-F847FF033CAC}.Release|Any CPU.Build.0 = Release|Any CPU
	EndGlobalSection
	GlobalSection(SolutionProperties) = preSolution
		HideSolutionNode = FALSE
	EndGlobalSection
	GlobalSection(ExtensibilityGlobals) = postSolution
		SolutionGuid = {F4FF2450-9718-480A-86C9-78D3361B3B50}
	EndGlobalSection
EndGlobal
